
Microsoft Visual Studio Solution File, Format Version 12.00
# Visual Studio Version 17
VisualStudioVersion = 17.4.33103.184
MinimumVisualStudioVersion = 10.0.40219.1
Project("{FAE04EC0-301F-11D3-BF4B-00C04F79EFBC}") = "Portfolio", "Portfolio.csproj", "{F4E98C4C-BBD0-48D6-8905-D0F3EF20B4C9}"
EndProject
Global
	GlobalSection(SolutionConfigurationPlatforms) = preSolution
		Debug|Any CPU = Debug|Any CPU
		Release|Any CPU = Release|Any CPU
	EndGlobalSection
	GlobalSection(ProjectConfigurationPlatforms) = postSolution
		{F4E98C4C-BBD0-48D6-8905-D0F3EF20B4C9}.Debug|Any CPU.ActiveCfg = Debug|Any CPU
		{F4E98C4C-BBD0-48D6-8905-D0F3EF20B4C9}.Debug|Any CPU.Build.0 = Debug|Any CPU
		{F4E98C4C-BBD0-48D6-8905-D0F3EF20B4C9}.Release|Any CPU.ActiveCfg = Release|Any CPU
		{F4E98C4C-BBD0-48D6-8905-D0F3EF20B4C9}.Release|Any CPU.Build.0 = Release|Any CPU
	EndGlobalSection
	GlobalSection(SolutionProperties) = preSolution
		HideSolutionNode = FALSE
	EndGlobalSection
	GlobalSection(ExtensibilityGlobals) = postSolution
		SolutionGuid = {754C6CD2-A831-475A-A5B2-88221AE7828A}
	EndGlobalSection
EndGlobal
